
Microsoft Visual Studio Solution File, Format Version 12.00
# Visual Studio Version 16
VisualStudioVersion = 16.0.31025.194
MinimumVisualStudioVersion = 10.0.40219.1
Project("{FAE04EC0-301F-11D3-BF4B-00C04F79EFBC}") = "WindowsFormsApp1", "WindowsFormsApp1\WindowsFormsApp1.csproj", "{AA08093D-8B12-4400-9001-847CBC45792E}"
EndProject
Project("{FAE04EC0-301F-11D3-BF4B-00C04F79EFBC}") = "LoginVLTK_2", "LoginVLTK_2\LoginVLTK_2.csproj", "{570987ED-9923-40CF-835E-824E27AAE15F}"
EndProject
Global
	GlobalSection(SolutionConfigurationPlatforms) = preSolution
		Debug|Any CPU = Debug|Any CPU
		Release|Any CPU = Release|Any CPU
	EndGlobalSection
	GlobalSection(ProjectConfigurationPlatforms) = postSolution
		{AA08093D-8B12-4400-9001-847CBC45792E}.Debug|Any CPU.ActiveCfg = Debug|Any CPU
		{AA08093D-8B12-4400-9001-847CBC45792E}.Debug|Any CPU.Build.0 = Debug|Any CPU
		{AA08093D-8B12-4400-9001-847CBC45792E}.Release|Any CPU.ActiveCfg = Release|Any CPU
		{AA08093D-8B12-4400-9001-847CBC45792E}.Release|Any CPU.Build.0 = Release|Any CPU
		{570987ED-9923-40CF-835E-824E27AAE15F}.Debug|Any CPU.ActiveCfg = Debug|Any CPU
		{570987ED-9923-40CF-835E-824E27AAE15F}.Debug|Any CPU.Build.0 = Debug|Any CPU
		{570987ED-9923-40CF-835E-824E27AAE15F}.Release|Any CPU.ActiveCfg = Release|Any CPU
		{570987ED-9923-40CF-835E-824E27AAE15F}.Release|Any CPU.Build.0 = Release|Any CPU
	EndGlobalSection
	GlobalSection(SolutionProperties) = preSolution
		HideSolutionNode = FALSE
	EndGlobalSection
	GlobalSection(ExtensibilityGlobals) = postSolution
		SolutionGuid = {C93D5093-95F6-483A-B38D-FC7B583C7960}
	EndGlobalSection
EndGlobal
